<?xml version="1.0" encoding="utf-8"?>
<Project ToolsVersion="4.0" xmlns="http://schemas.microsoft.com/developer/msbuild/2003">
  <ItemGroup>
    <Filter Include="Source Files">
      <UniqueIdentifier>{4FC737F1-C7A5-4376-A066-2A32D752A2FF}</UniqueIdentifier>
      <Extensions>cpp;c;cc;cxx;c++;cppm;ixx;def;odl;idl;hpj;bat;asm;asmx</Extensions>
    </Filter>
    <Filter Include="Header Files">
      <UniqueIdentifier>{93995380-89BD-4b04-88EB-625FBE52EBFB}</UniqueIdentifier>
      <Extensions>h;hh;hpp;hxx;h++;hm;inl;inc;ipp;xsd</Extensions>
    </Filter>
    <Filter Include="Resource Files">
      <UniqueIdentifier>{67DA6AB6-F800-4c08-8B7A-83BB121AAD01}</UniqueIdentifier>
      <Extensions>rc;ico;cur;bmp;dlg;rc2;rct;bin;rgs;gif;jpg;jpeg;jpe;resx;tiff;tif;png;wav;mfcribbon-ms</Extensions>
    </Filter>
    <Filter Include="Resource Files\sprites">
      <UniqueIdentifier>{54bfa219-a01f-4c87-b81d-91dca0e76465}</UniqueIdentifier>
    </Filter>
  </ItemGroup>
  <ItemGroup>
    <ClCompile Include="main.cpp">
      <Filter>Source Files</Filter>
    </ClCompile>
    <ClCompile Include="testClass.cpp">
      <Filter>Source Files</Filter>
    </ClCompile>
    <ClCompile Include="Button.cpp">
      <Filter>Source Files</Filter>
    </ClCompile>
  </ItemGroup>
  <ItemGroup>
    <ClInclude Include="Level.h">
      <Filter>Header Files</Filter>
    </ClInclude>
    <ClInclude Include="LevelEditor.h">
      <Filter>Header Files</Filter>
    </ClInclude>
    <ClInclude Include="Button.h">
      <Filter>Header Files</Filter>
    </ClInclude>
    <ClInclude Include="LevelPlayer.h">
      <Filter>Header Files</Filter>
    </ClInclude>
    <ClInclude Include="Enemy.h">
      <Filter>Header Files</Filter>
    </ClInclude>
    <ClInclude Include="Tower.h">
      <Filter>Header Files</Filter>
    </ClInclude>
    <ClInclude Include="Bullet.h">
      <Filter>Header Files</Filter>
    </ClInclude>
    <ClInclude Include="Sprite.h">
      <Filter>Header Files</Filter>
    </ClInclude>
    <ClInclude Include="testClass.h">
      <Filter>Header Files</Filter>
    </ClInclude>
  </ItemGroup>
  <ItemGroup>
    <Image Include="tileSet_1.png">
      <Filter>Resource Files</Filter>
    </Image>
    <Image Include="sprites\bunny.png">
      <Filter>Resource Files\sprites</Filter>
    </Image>
    <Image Include="sprites\chipmunk.png">
      <Filter>Resource Files\sprites</Filter>
    </Image>
    <Image Include="sprites\currency.png">
      <Filter>Resource Files\sprites</Filter>
    </Image>
    <Image Include="sprites\easy_enemy.png">
      <Filter>Resource Files\sprites</Filter>
    </Image>
    <Image Include="sprites\hard_enemy.png">
      <Filter>Resource Files\sprites</Filter>
    </Image>
    <Image Include="sprites\hearts.png">
      <Filter>Resource Files\sprites</Filter>
    </Image>
    <Image Include="sprites\hedgehog.png">
      <Filter>Resource Files\sprites</Filter>
    </Image>
    <Image Include="sprites\medium_enemy.png">
      <Filter>Resource Files\sprites</Filter>
    </Image>
    <Image Include="sprites\raccoon.png">
      <Filter>Resource Files\sprites</Filter>
    </Image>
    <Image Include="sprites\skunk.png">
      <Filter>Resource Files\sprites</Filter>
    </Image>
    <Image Include="roads2W.png">
      <Filter>Resource Files</Filter>
    </Image>
    <Image Include="sprites\acorn.png">
      <Filter>Resource Files\sprites</Filter>
    </Image>
    <Image Include="sprites\spray.png">
      <Filter>Resource Files\sprites</Filter>
    </Image>
    <Image Include="sprites\scratch.png">
      <Filter>Resource Files\sprites</Filter>
    </Image>
    <Image Include="sprites\poop.png">
      <Filter>Resource Files\sprites</Filter>
    </Image>
    <Image Include="sprites\quill.png">
      <Filter>Resource Files\sprites</Filter>
    </Image>
    <Image Include="tileset.png">
      <Filter>Resource Files</Filter>
    </Image>
    <Image Include="sprites\Professor_O_Fallon.png">
      <Filter>Resource Files\sprites</Filter>
    </Image>
  </ItemGroup>
  <ItemGroup>
    <Text Include="level_list.txt">
      <Filter>Resource Files</Filter>
    </Text>
  </ItemGroup>
  <ItemGroup>
    <Font Include="Bullpen3D.ttf">
      <Filter>Resource Files</Filter>
    </Font>
    <Font Include="planet benson 2.ttf">
      <Filter>Resource Files</Filter>
    </Font>
    <Font Include="SugarpunchDEMO.otf">
      <Filter>Resource Files</Filter>
    </Font>
  </ItemGroup>
</Project>